
Microsoft Visual Studio Solution File, Format Version 12.00
# Visual Studio 14
VisualStudioVersion = 14.0.24720.0
MinimumVisualStudioVersion = 10.0.40219.1
Project("{FAE04EC0-301F-11D3-BF4B-00C04F79EFBC}") = "app_unity_LibrariesOutsideUnity.CSharp", "app_unity_LibrariesOutsideUnity.CSharp.csproj", "{DBD8042C-77F9-B476-6B33-80F1F0D65934}"
EndProject
Project("{FAE04EC0-301F-11D3-BF4B-00C04F79EFBC}") = "TestLibrary", "Libraries\lib_unity_TestLibrary\TestLibrary\TestLibrary.csproj", "{183D07F6-6281-49A8-91EA-903BA604D810}"
EndProject
Project("{FAE04EC0-301F-11D3-BF4B-00C04F79EFBC}") = "TestLibrary.Tests", "Libraries\lib_unity_TestLibrary\TestProject.Tests\TestLibrary.Tests.csproj", "{8EDF4429-251A-416D-BB68-93F227191BCF}"
EndProject
Project("{FAE04EC0-301F-11D3-BF4B-00C04F79EFBC}") = "JSON", "Libraries\lib_unity_JSON\JSON\JSON.csproj", "{FFDFE14B-FF92-4554-A720-2A32BC6286A5}"
EndProject
Project("{FAE04EC0-301F-11D3-BF4B-00C04F79EFBC}") = "JSON.Tests", "Libraries\lib_unity_JSON\JSON.Tests\JSON.Tests.csproj", "{F35EF70F-D9DE-4577-A395-C208542F8EC5}"
EndProject
Global
	GlobalSection(SolutionConfigurationPlatforms) = preSolution
		Debug|Any CPU = Debug|Any CPU
		Release|Any CPU = Release|Any CPU
	EndGlobalSection
	GlobalSection(ProjectConfigurationPlatforms) = postSolution
		{DBD8042C-77F9-B476-6B33-80F1F0D65934}.Debug|Any CPU.ActiveCfg = Debug|Any CPU
		{DBD8042C-77F9-B476-6B33-80F1F0D65934}.Debug|Any CPU.Build.0 = Debug|Any CPU
		{DBD8042C-77F9-B476-6B33-80F1F0D65934}.Release|Any CPU.ActiveCfg = Release|Any CPU
		{DBD8042C-77F9-B476-6B33-80F1F0D65934}.Release|Any CPU.Build.0 = Release|Any CPU
		{183D07F6-6281-49A8-91EA-903BA604D810}.Debug|Any CPU.ActiveCfg = Debug|Any CPU
		{183D07F6-6281-49A8-91EA-903BA604D810}.Debug|Any CPU.Build.0 = Debug|Any CPU
		{183D07F6-6281-49A8-91EA-903BA604D810}.Release|Any CPU.ActiveCfg = Release|Any CPU
		{183D07F6-6281-49A8-91EA-903BA604D810}.Release|Any CPU.Build.0 = Release|Any CPU
		{8EDF4429-251A-416D-BB68-93F227191BCF}.Debug|Any CPU.ActiveCfg = Debug|Any CPU
		{8EDF4429-251A-416D-BB68-93F227191BCF}.Debug|Any CPU.Build.0 = Debug|Any CPU
		{8EDF4429-251A-416D-BB68-93F227191BCF}.Release|Any CPU.ActiveCfg = Release|Any CPU
		{8EDF4429-251A-416D-BB68-93F227191BCF}.Release|Any CPU.Build.0 = Release|Any CPU
		{FFDFE14B-FF92-4554-A720-2A32BC6286A5}.Debug|Any CPU.ActiveCfg = Debug|Any CPU
		{FFDFE14B-FF92-4554-A720-2A32BC6286A5}.Debug|Any CPU.Build.0 = Debug|Any CPU
		{FFDFE14B-FF92-4554-A720-2A32BC6286A5}.Release|Any CPU.ActiveCfg = Release|Any CPU
		{FFDFE14B-FF92-4554-A720-2A32BC6286A5}.Release|Any CPU.Build.0 = Release|Any CPU
		{F35EF70F-D9DE-4577-A395-C208542F8EC5}.Debug|Any CPU.ActiveCfg = Debug|Any CPU
		{F35EF70F-D9DE-4577-A395-C208542F8EC5}.Debug|Any CPU.Build.0 = Debug|Any CPU
		{F35EF70F-D9DE-4577-A395-C208542F8EC5}.Release|Any CPU.ActiveCfg = Release|Any CPU
		{F35EF70F-D9DE-4577-A395-C208542F8EC5}.Release|Any CPU.Build.0 = Release|Any CPU
	EndGlobalSection
	GlobalSection(SolutionProperties) = preSolution
		HideSolutionNode = FALSE
	EndGlobalSection
EndGlobal
